
Microsoft Visual Studio Solution File, Format Version 12.00
# Visual Studio 15
VisualStudioVersion = 15.0.28307.271
MinimumVisualStudioVersion = 10.0.40219.1
Project("{FAE04EC0-301F-11D3-BF4B-00C04F79EFBC}") = "FormsPlayground.Android", "FormsPlayground\FormsPlayground.Android\FormsPlayground.Android.csproj", "{096A91CB-7590-4AE4-87E2-79E693FFCE00}"
EndProject
Project("{FAE04EC0-301F-11D3-BF4B-00C04F79EFBC}") = "FormsPlayground.iOS", "FormsPlayground\FormsPlayground.iOS\FormsPlayground.iOS.csproj", "{C5D0ADDE-6384-4565-AE7C-BA89F50D7AB9}"
EndProject
Project("{FAE04EC0-301F-11D3-BF4B-00C04F79EFBC}") = "FormsPlayground", "FormsPlayground\FormsPlayground\FormsPlayground.csproj", "{5FD2B3D2-5A86-42FB-B78A-1B9C1D5E651C}"
EndProject
Global
	GlobalSection(SolutionConfigurationPlatforms) = preSolution
		Ad-Hoc|Any CPU = Ad-Hoc|Any CPU
		Ad-Hoc|ARM = Ad-Hoc|ARM
		Ad-Hoc|iPhone = Ad-Hoc|iPhone
		Ad-Hoc|iPhoneSimulator = Ad-Hoc|iPhoneSimulator
		Ad-Hoc|x64 = Ad-Hoc|x64
		Ad-Hoc|x86 = Ad-Hoc|x86
		AppStore|Any CPU = AppStore|Any CPU
		AppStore|ARM = AppStore|ARM
		AppStore|iPhone = AppStore|iPhone
		AppStore|iPhoneSimulator = AppStore|iPhoneSimulator
		AppStore|x64 = AppStore|x64
		AppStore|x86 = AppStore|x86
		Debug|Any CPU = Debug|Any CPU
		Debug|ARM = Debug|ARM
		Debug|iPhone = Debug|iPhone
		Debug|iPhoneSimulator = Debug|iPhoneSimulator
		Debug|x64 = Debug|x64
		Debug|x86 = Debug|x86
		Release|Any CPU = Release|Any CPU
		Release|ARM = Release|ARM
		Release|iPhone = Release|iPhone
		Release|iPhoneSimulator = Release|iPhoneSimulator
		Release|x64 = Release|x64
		Release|x86 = Release|x86
	EndGlobalSection
	GlobalSection(ProjectConfigurationPlatforms) = postSolution
		{096A91CB-7590-4AE4-87E2-79E693FFCE00}.Ad-Hoc|Any CPU.ActiveCfg = Release|Any CPU
		{096A91CB-7590-4AE4-87E2-79E693FFCE00}.Ad-Hoc|Any CPU.Build.0 = Release|Any CPU
		{096A91CB-7590-4AE4-87E2-79E693FFCE00}.Ad-Hoc|Any CPU.Deploy.0 = Release|Any CPU
		{096A91CB-7590-4AE4-87E2-79E693FFCE00}.Ad-Hoc|ARM.ActiveCfg = Release|Any CPU
		{096A91CB-7590-4AE4-87E2-79E693FFCE00}.Ad-Hoc|ARM.Build.0 = Release|Any CPU
		{096A91CB-7590-4AE4-87E2-79E693FFCE00}.Ad-Hoc|ARM.Deploy.0 = Release|Any CPU
		{096A91CB-7590-4AE4-87E2-79E693FFCE00}.Ad-Hoc|iPhone.ActiveCfg = Release|Any CPU
		{096A91CB-7590-4AE4-87E2-79E693FFCE00}.Ad-Hoc|iPhone.Build.0 = Release|Any CPU
		{096A91CB-7590-4AE4-87E2-79E693FFCE00}.Ad-Hoc|iPhone.Deploy.0 = Release|Any CPU
		{096A91CB-7590-4AE4-87E2-79E693FFCE00}.Ad-Hoc|iPhoneSimulator.ActiveCfg = Release|Any CPU
		{096A91CB-7590-4AE4-87E2-79E693FFCE00}.Ad-Hoc|iPhoneSimulator.Build.0 = Release|Any CPU
		{096A91CB-7590-4AE4-87E2-79E693FFCE00}.Ad-Hoc|iPhoneSimulator.Deploy.0 = Release|Any CPU
		{096A91CB-7590-4AE4-87E2-79E693FFCE00}.Ad-Hoc|x64.ActiveCfg = Release|Any CPU
		{096A91CB-7590-4AE4-87E2-79E693FFCE00}.Ad-Hoc|x64.Build.0 = Release|Any CPU
		{096A91CB-7590-4AE4-87E2-79E693FFCE00}.Ad-Hoc|x64.Deploy.0 = Release|Any CPU
		{096A91CB-7590-4AE4-87E2-79E693FFCE00}.Ad-Hoc|x86.ActiveCfg = Release|Any CPU
		{096A91CB-7590-4AE4-87E2-79E693FFCE00}.Ad-Hoc|x86.Build.0 = Release|Any CPU
		{096A91CB-7590-4AE4-87E2-79E693FFCE00}.Ad-Hoc|x86.Deploy.0 = Release|Any CPU
		{096A91CB-7590-4AE4-87E2-79E693FFCE00}.AppStore|Any CPU.ActiveCfg = Release|Any CPU
		{096A91CB-7590-4AE4-87E2-79E693FFCE00}.AppStore|Any CPU.Build.0 = Release|Any CPU
		{096A91CB-7590-4AE4-87E2-79E693FFCE00}.AppStore|Any CPU.Deploy.0 = Release|Any CPU
		{096A91CB-7590-4AE4-87E2-79E693FFCE00}.AppStore|ARM.ActiveCfg = Release|Any CPU
		{096A91CB-7590-4AE4-87E2-79E693FFCE00}.AppStore|ARM.Build.0 = Release|Any CPU
		{096A91CB-7590-4AE4-87E2-79E693FFCE00}.AppStore|ARM.Deploy.0 = Release|Any CPU
		{096A91CB-7590-4AE4-87E2-79E693FFCE00}.AppStore|iPhone.ActiveCfg = Release|Any CPU
		{096A91CB-7590-4AE4-87E2-79E693FFCE00}.AppStore|iPhone.Build.0 = Release|Any CPU
		{096A91CB-7590-4AE4-87E2-79E693FFCE00}.AppStore|iPhone.Deploy.0 = Release|Any CPU
		{096A91CB-7590-4AE4-87E2-79E693FFCE00}.AppStore|iPhoneSimulator.ActiveCfg = Release|Any CPU
		{096A91CB-7590-4AE4-87E2-79E693FFCE00}.AppStore|iPhoneSimulator.Build.0 = Release|Any CPU
		{096A91CB-7590-4AE4-87E2-79E693FFCE00}.AppStore|iPhoneSimulator.Deploy.0 = Release|Any CPU
		{096A91CB-7590-4AE4-87E2-79E693FFCE00}.AppStore|x64.ActiveCfg = Release|Any CPU
		{096A91CB-7590-4AE4-87E2-79E693FFCE00}.AppStore|x64.Build.0 = Release|Any CPU
		{096A91CB-7590-4AE4-87E2-79E693FFCE00}.AppStore|x64.Deploy.0 = Release|Any CPU
		{096A91CB-7590-4AE4-87E2-79E693FFCE00}.AppStore|x86.ActiveCfg = Release|Any CPU
		{096A91CB-7590-4AE4-87E2-79E693FFCE00}.AppStore|x86.Build.0 = Release|Any CPU
		{096A91CB-7590-4AE4-87E2-79E693FFCE00}.AppStore|x86.Deploy.0 = Release|Any CPU
		{096A91CB-7590-4AE4-87E2-79E693FFCE00}.Debug|Any CPU.ActiveCfg = Debug|Any CPU
		{096A91CB-7590-4AE4-87E2-79E693FFCE00}.Debug|Any CPU.Build.0 = Debug|Any CPU
		{096A91CB-7590-4AE4-87E2-79E693FFCE00}.Debug|Any CPU.Deploy.0 = Debug|Any CPU
		{096A91CB-7590-4AE4-87E2-79E693FFCE00}.Debug|ARM.ActiveCfg = Debug|Any CPU
		{096A91CB-7590-4AE4-87E2-79E693FFCE00}.Debug|ARM.Build.0 = Debug|Any CPU
		{096A91CB-7590-4AE4-87E2-79E693FFCE00}.Debug|ARM.Deploy.0 = Debug|Any CPU
		{096A91CB-7590-4AE4-87E2-79E693FFCE00}.Debug|iPhone.ActiveCfg = Debug|Any CPU
		{096A91CB-7590-4AE4-87E2-79E693FFCE00}.Debug|iPhone.Build.0 = Debug|Any CPU
		{096A91CB-7590-4AE4-87E2-79E693FFCE00}.Debug|iPhone.Deploy.0 = Debug|Any CPU
		{096A91CB-7590-4AE4-87E2-79E693FFCE00}.Debug|iPhoneSimulator.ActiveCfg = Debug|Any CPU
		{096A91CB-7590-4AE4-87E2-79E693FFCE00}.Debug|iPhoneSimulator.Build.0 = Debug|Any CPU
		{096A91CB-7590-4AE4-87E2-79E693FFCE00}.Debug|iPhoneSimulator.Deploy.0 = Debug|Any CPU
		{096A91CB-7590-4AE4-87E2-79E693FFCE00}.Debug|x64.ActiveCfg = Debug|Any CPU
		{096A91CB-7590-4AE4-87E2-79E693FFCE00}.Debug|x64.Build.0 = Debug|Any CPU
		{096A91CB-7590-4AE4-87E2-79E693FFCE00}.Debug|x64.Deploy.0 = Debug|Any CPU
		{096A91CB-7590-4AE4-87E2-79E693FFCE00}.Debug|x86.ActiveCfg = Debug|Any CPU
		{096A91CB-7590-4AE4-87E2-79E693FFCE00}.Debug|x86.Build.0 = Debug|Any CPU
		{096A91CB-7590-4AE4-87E2-79E693FFCE00}.Debug|x86.Deploy.0 = Debug|Any CPU
		{096A91CB-7590-4AE4-87E2-79E693FFCE00}.Release|Any CPU.ActiveCfg = Release|Any CPU
		{096A91CB-7590-4AE4-87E2-79E693FFCE00}.Release|Any CPU.Build.0 = Release|Any CPU
		{096A91CB-7590-4AE4-87E2-79E693FFCE00}.Release|Any CPU.Deploy.0 = Release|Any CPU
		{096A91CB-7590-4AE4-87E2-79E693FFCE00}.Release|ARM.ActiveCfg = Release|Any CPU
		{096A91CB-7590-4AE4-87E2-79E693FFCE00}.Release|ARM.Build.0 = Release|Any CPU
		{096A91CB-7590-4AE4-87E2-79E693FFCE00}.Release|ARM.Deploy.0 = Release|Any CPU
		{096A91CB-7590-4AE4-87E2-79E693FFCE00}.Release|iPhone.ActiveCfg = Release|Any CPU
		{096A91CB-7590-4AE4-87E2-79E693FFCE00}.Release|iPhone.Build.0 = Release|Any CPU
		{096A91CB-7590-4AE4-87E2-79E693FFCE00}.Release|iPhone.Deploy.0 = Release|Any CPU
		{096A91CB-7590-4AE4-87E2-79E693FFCE00}.Release|iPhoneSimulator.ActiveCfg = Release|Any CPU
		{096A91CB-7590-4AE4-87E2-79E693FFCE00}.Release|iPhoneSimulator.Build.0 = Release|Any CPU
		{096A91CB-7590-4AE4-87E2-79E693FFCE00}.Release|iPhoneSimulator.Deploy.0 = Release|Any CPU
		{096A91CB-7590-4AE4-87E2-79E693FFCE00}.Release|x64.ActiveCfg = Release|Any CPU
		{096A91CB-7590-4AE4-87E2-79E693FFCE00}.Release|x64.Build.0 = Release|Any CPU
		{096A91CB-7590-4AE4-87E2-79E693FFCE00}.Release|x64.Deploy.0 = Release|Any CPU
		{096A91CB-7590-4AE4-87E2-79E693FFCE00}.Release|x86.ActiveCfg = Release|Any CPU
		{096A91CB-7590-4AE4-87E2-79E693FFCE00}.Release|x86.Build.0 = Release|Any CPU
		{096A91CB-7590-4AE4-87E2-79E693FFCE00}.Release|x86.Deploy.0 = Release|Any CPU
		{C5D0ADDE-6384-4565-AE7C-BA89F50D7AB9}.Ad-Hoc|Any CPU.ActiveCfg = Ad-Hoc|iPhone
		{C5D0ADDE-6384-4565-AE7C-BA89F50D7AB9}.Ad-Hoc|Any CPU.Build.0 = Ad-Hoc|iPhone
		{C5D0ADDE-6384-4565-AE7C-BA89F50D7AB9}.Ad-Hoc|Any CPU.Deploy.0 = Ad-Hoc|iPhone
		{C5D0ADDE-6384-4565-AE7C-BA89F50D7AB9}.Ad-Hoc|ARM.ActiveCfg = Ad-Hoc|iPhone
		{C5D0ADDE-6384-4565-AE7C-BA89F50D7AB9}.Ad-Hoc|ARM.Build.0 = Ad-Hoc|iPhone
		{C5D0ADDE-6384-4565-AE7C-BA89F50D7AB9}.Ad-Hoc|ARM.Deploy.0 = Ad-Hoc|iPhone
		{C5D0ADDE-6384-4565-AE7C-BA89F50D7AB9}.Ad-Hoc|iPhone.ActiveCfg = Ad-Hoc|iPhone
		{C5D0ADDE-6384-4565-AE7C-BA89F50D7AB9}.Ad-Hoc|iPhone.Build.0 = Ad-Hoc|iPhone
		{C5D0ADDE-6384-4565-AE7C-BA89F50D7AB9}.Ad-Hoc|iPhone.Deploy.0 = Ad-Hoc|iPhone
		{C5D0ADDE-6384-4565-AE7C-BA89F50D7AB9}.Ad-Hoc|iPhoneSimulator.ActiveCfg = Ad-Hoc|iPhoneSimulator
		{C5D0ADDE-6384-4565-AE7C-BA89F50D7AB9}.Ad-Hoc|iPhoneSimulator.Build.0 = Ad-Hoc|iPhoneSimulator
		{C5D0ADDE-6384-4565-AE7C-BA89F50D7AB9}.Ad-Hoc|iPhoneSimulator.Deploy.0 = Ad-Hoc|iPhoneSimulator
		{C5D0ADDE-6384-4565-AE7C-BA89F50D7AB9}.Ad-Hoc|x64.ActiveCfg = Ad-Hoc|iPhone
		{C5D0ADDE-6384-4565-AE7C-BA89F50D7AB9}.Ad-Hoc|x64.Build.0 = Ad-Hoc|iPhone
		{C5D0ADDE-6384-4565-AE7C-BA89F50D7AB9}.Ad-Hoc|x64.Deploy.0 = Ad-Hoc|iPhone
		{C5D0ADDE-6384-4565-AE7C-BA89F50D7AB9}.Ad-Hoc|x86.ActiveCfg = Ad-Hoc|iPhone
		{C5D0ADDE-6384-4565-AE7C-BA89F50D7AB9}.Ad-Hoc|x86.Build.0 = Ad-Hoc|iPhone
		{C5D0ADDE-6384-4565-AE7C-BA89F50D7AB9}.Ad-Hoc|x86.Deploy.0 = Ad-Hoc|iPhone
		{C5D0ADDE-6384-4565-AE7C-BA89F50D7AB9}.AppStore|Any CPU.ActiveCfg = AppStore|iPhone
		{C5D0ADDE-6384-4565-AE7C-BA89F50D7AB9}.AppStore|Any CPU.Build.0 = AppStore|iPhone
		{C5D0ADDE-6384-4565-AE7C-BA89F50D7AB9}.AppStore|Any CPU.Deploy.0 = AppStore|iPhone
		{C5D0ADDE-6384-4565-AE7C-BA89F50D7AB9}.AppStore|ARM.ActiveCfg = AppStore|iPhone
		{C5D0ADDE-6384-4565-AE7C-BA89F50D7AB9}.AppStore|ARM.Build.0 = AppStore|iPhone
		{C5D0ADDE-6384-4565-AE7C-BA89F50D7AB9}.AppStore|ARM.Deploy.0 = AppStore|iPhone
		{C5D0ADDE-6384-4565-AE7C-BA89F50D7AB9}.AppStore|iPhone.ActiveCfg = AppStore|iPhone
		{C5D0ADDE-6384-4565-AE7C-BA89F50D7AB9}.AppStore|iPhone.Build.0 = AppStore|iPhone
		{C5D0ADDE-6384-4565-AE7C-BA89F50D7AB9}.AppStore|iPhone.Deploy.0 = AppStore|iPhone
		{C5D0ADDE-6384-4565-AE7C-BA89F50D7AB9}.AppStore|iPhoneSimulator.ActiveCfg = AppStore|iPhoneSimulator
		{C5D0ADDE-6384-4565-AE7C-BA89F50D7AB9}.AppStore|iPhoneSimulator.Build.0 = AppStore|iPhoneSimulator
		{C5D0ADDE-6384-4565-AE7C-BA89F50D7AB9}.AppStore|iPhoneSimulator.Deploy.0 = AppStore|iPhoneSimulator
		{C5D0ADDE-6384-4565-AE7C-BA89F50D7AB9}.AppStore|x64.ActiveCfg = AppStore|iPhone
		{C5D0ADDE-6384-4565-AE7C-BA89F50D7AB9}.AppStore|x64.Build.0 = AppStore|iPhone
		{C5D0ADDE-6384-4565-AE7C-BA89F50D7AB9}.AppStore|x64.Deploy.0 = AppStore|iPhone
		{C5D0ADDE-6384-4565-AE7C-BA89F50D7AB9}.AppStore|x86.ActiveCfg = AppStore|iPhone
		{C5D0ADDE-6384-4565-AE7C-BA89F50D7AB9}.AppStore|x86.Build.0 = AppStore|iPhone
		{C5D0ADDE-6384-4565-AE7C-BA89F50D7AB9}.AppStore|x86.Deploy.0 = AppStore|iPhone
		{C5D0ADDE-6384-4565-AE7C-BA89F50D7AB9}.Debug|Any CPU.ActiveCfg = Debug|iPhoneSimulator
		{C5D0ADDE-6384-4565-AE7C-BA89F50D7AB9}.Debug|Any CPU.Build.0 = Debug|iPhoneSimulator
		{C5D0ADDE-6384-4565-AE7C-BA89F50D7AB9}.Debug|Any CPU.Deploy.0 = Debug|iPhoneSimulator
		{C5D0ADDE-6384-4565-AE7C-BA89F50D7AB9}.Debug|ARM.ActiveCfg = Debug|iPhone
		{C5D0ADDE-6384-4565-AE7C-BA89F50D7AB9}.Debug|ARM.Build.0 = Debug|iPhone
		{C5D0ADDE-6384-4565-AE7C-BA89F50D7AB9}.Debug|ARM.Deploy.0 = Debug|iPhone
		{C5D0ADDE-6384-4565-AE7C-BA89F50D7AB9}.Debug|iPhone.ActiveCfg = Debug|iPhone
		{C5D0ADDE-6384-4565-AE7C-BA89F50D7AB9}.Debug|iPhone.Build.0 = Debug|iPhone
		{C5D0ADDE-6384-4565-AE7C-BA89F50D7AB9}.Debug|iPhone.Deploy.0 = Debug|iPhone
		{C5D0ADDE-6384-4565-AE7C-BA89F50D7AB9}.Debug|iPhoneSimulator.ActiveCfg = Debug|iPhoneSimulator
		{C5D0ADDE-6384-4565-AE7C-BA89F50D7AB9}.Debug|iPhoneSimulator.Build.0 = Debug|iPhoneSimulator
		{C5D0ADDE-6384-4565-AE7C-BA89F50D7AB9}.Debug|iPhoneSimulator.Deploy.0 = Debug|iPhoneSimulator
		{C5D0ADDE-6384-4565-AE7C-BA89F50D7AB9}.Debug|x64.ActiveCfg = Debug|iPhone
		{C5D0ADDE-6384-4565-AE7C-BA89F50D7AB9}.Debug|x64.Build.0 = Debug|iPhone
		{C5D0ADDE-6384-4565-AE7C-BA89F50D7AB9}.Debug|x64.Deploy.0 = Debug|iPhone
		{C5D0ADDE-6384-4565-AE7C-BA89F50D7AB9}.Debug|x86.ActiveCfg = Debug|iPhone
		{C5D0ADDE-6384-4565-AE7C-BA89F50D7AB9}.Debug|x86.Build.0 = Debug|iPhone
		{C5D0ADDE-6384-4565-AE7C-BA89F50D7AB9}.Debug|x86.Deploy.0 = Debug|iPhone
		{C5D0ADDE-6384-4565-AE7C-BA89F50D7AB9}.Release|Any CPU.ActiveCfg = Release|iPhone
		{C5D0ADDE-6384-4565-AE7C-BA89F50D7AB9}.Release|Any CPU.Build.0 = Release|iPhone
		{C5D0ADDE-6384-4565-AE7C-BA89F50D7AB9}.Release|Any CPU.Deploy.0 = Release|iPhone
		{C5D0ADDE-6384-4565-AE7C-BA89F50D7AB9}.Release|ARM.ActiveCfg = Release|iPhone
		{C5D0ADDE-6384-4565-AE7C-BA89F50D7AB9}.Release|ARM.Build.0 = Release|iPhone
		{C5D0ADDE-6384-4565-AE7C-BA89F50D7AB9}.Release|ARM.Deploy.0 = Release|iPhone
		{C5D0ADDE-6384-4565-AE7C-BA89F50D7AB9}.Release|iPhone.ActiveCfg = Release|iPhone
		{C5D0ADDE-6384-4565-AE7C-BA89F50D7AB9}.Release|iPhone.Build.0 = Release|iPhone
		{C5D0ADDE-6384-4565-AE7C-BA89F50D7AB9}.Release|iPhone.Deploy.0 = Release|iPhone
		{C5D0ADDE-6384-4565-AE7C-BA89F50D7AB9}.Release|iPhoneSimulator.ActiveCfg = Release|iPhoneSimulator
		{C5D0ADDE-6384-4565-AE7C-BA89F50D7AB9}.Release|iPhoneSimulator.Build.0 = Release|iPhoneSimulator
		{C5D0ADDE-6384-4565-AE7C-BA89F50D7AB9}.Release|iPhoneSimulator.Deploy.0 = Release|iPhoneSimulator
		{C5D0ADDE-6384-4565-AE7C-BA89F50D7AB9}.Release|x64.ActiveCfg = Release|iPhone
		{C5D0ADDE-6384-4565-AE7C-BA89F50D7AB9}.Release|x64.Build.0 = Release|iPhone
		{C5D0ADDE-6384-4565-AE7C-BA89F50D7AB9}.Release|x64.Deploy.0 = Release|iPhone
		{C5D0ADDE-6384-4565-AE7C-BA89F50D7AB9}.Release|x86.ActiveCfg = Release|iPhone
		{C5D0ADDE-6384-4565-AE7C-BA89F50D7AB9}.Release|x86.Build.0 = Release|iPhone
		{C5D0ADDE-6384-4565-AE7C-BA89F50D7AB9}.Release|x86.Deploy.0 = Release|iPhone
		{5FD2B3D2-5A86-42FB-B78A-1B9C1D5E651C}.Ad-Hoc|Any CPU.ActiveCfg = Debug|Any CPU
		{5FD2B3D2-5A86-42FB-B78A-1B9C1D5E651C}.Ad-Hoc|Any CPU.Build.0 = Debug|Any CPU
		{5FD2B3D2-5A86-42FB-B78A-1B9C1D5E651C}.Ad-Hoc|Any CPU.Deploy.0 = Debug|Any CPU
		{5FD2B3D2-5A86-42FB-B78A-1B9C1D5E651C}.Ad-Hoc|ARM.ActiveCfg = Debug|Any CPU
		{5FD2B3D2-5A86-42FB-B78A-1B9C1D5E651C}.Ad-Hoc|ARM.Build.0 = Debug|Any CPU
		{5FD2B3D2-5A86-42FB-B78A-1B9C1D5E651C}.Ad-Hoc|ARM.Deploy.0 = Debug|Any CPU
		{5FD2B3D2-5A86-42FB-B78A-1B9C1D5E651C}.Ad-Hoc|iPhone.ActiveCfg = Debug|Any CPU
		{5FD2B3D2-5A86-42FB-B78A-1B9C1D5E651C}.Ad-Hoc|iPhone.Build.0 = Debug|Any CPU
		{5FD2B3D2-5A86-42FB-B78A-1B9C1D5E651C}.Ad-Hoc|iPhone.Deploy.0 = Debug|Any CPU
		{5FD2B3D2-5A86-42FB-B78A-1B9C1D5E651C}.Ad-Hoc|iPhoneSimulator.ActiveCfg = Debug|Any CPU
		{5FD2B3D2-5A86-42FB-B78A-1B9C1D5E651C}.Ad-Hoc|iPhoneSimulator.Build.0 = Debug|Any CPU
		{5FD2B3D2-5A86-42FB-B78A-1B9C1D5E651C}.Ad-Hoc|iPhoneSimulator.Deploy.0 = Debug|Any CPU
		{5FD2B3D2-5A86-42FB-B78A-1B9C1D5E651C}.Ad-Hoc|x64.ActiveCfg = Debug|Any CPU
		{5FD2B3D2-5A86-42FB-B78A-1B9C1D5E651C}.Ad-Hoc|x64.Build.0 = Debug|Any CPU
		{5FD2B3D2-5A86-42FB-B78A-1B9C1D5E651C}.Ad-Hoc|x64.Deploy.0 = Debug|Any CPU
		{5FD2B3D2-5A86-42FB-B78A-1B9C1D5E651C}.Ad-Hoc|x86.ActiveCfg = Debug|Any CPU
		{5FD2B3D2-5A86-42FB-B78A-1B9C1D5E651C}.Ad-Hoc|x86.Build.0 = Debug|Any CPU
		{5FD2B3D2-5A86-42FB-B78A-1B9C1D5E651C}.Ad-Hoc|x86.Deploy.0 = Debug|Any CPU
		{5FD2B3D2-5A86-42FB-B78A-1B9C1D5E651C}.AppStore|Any CPU.ActiveCfg = Debug|Any CPU
		{5FD2B3D2-5A86-42FB-B78A-1B9C1D5E651C}.AppStore|Any CPU.Build.0 = Debug|Any CPU
		{5FD2B3D2-5A86-42FB-B78A-1B9C1D5E651C}.AppStore|Any CPU.Deploy.0 = Debug|Any CPU
		{5FD2B3D2-5A86-42FB-B78A-1B9C1D5E651C}.AppStore|ARM.ActiveCfg = Debug|Any CPU
		{5FD2B3D2-5A86-42FB-B78A-1B9C1D5E651C}.AppStore|ARM.Build.0 = Debug|Any CPU
		{5FD2B3D2-5A86-42FB-B78A-1B9C1D5E651C}.AppStore|ARM.Deploy.0 = Debug|Any CPU
		{5FD2B3D2-5A86-42FB-B78A-1B9C1D5E651C}.AppStore|iPhone.ActiveCfg = Debug|Any CPU
		{5FD2B3D2-5A86-42FB-B78A-1B9C1D5E651C}.AppStore|iPhone.Build.0 = Debug|Any CPU
		{5FD2B3D2-5A86-42FB-B78A-1B9C1D5E651C}.AppStore|iPhone.Deploy.0 = Debug|Any CPU
		{5FD2B3D2-5A86-42FB-B78A-1B9C1D5E651C}.AppStore|iPhoneSimulator.ActiveCfg = Debug|Any CPU
		{5FD2B3D2-5A86-42FB-B78A-1B9C1D5E651C}.AppStore|iPhoneSimulator.Build.0 = Debug|Any CPU
		{5FD2B3D2-5A86-42FB-B78A-1B9C1D5E651C}.AppStore|iPhoneSimulator.Deploy.0 = Debug|Any CPU
		{5FD2B3D2-5A86-42FB-B78A-1B9C1D5E651C}.AppStore|x64.ActiveCfg = Debug|Any CPU
		{5FD2B3D2-5A86-42FB-B78A-1B9C1D5E651C}.AppStore|x64.Build.0 = Debug|Any CPU
		{5FD2B3D2-5A86-42FB-B78A-1B9C1D5E651C}.AppStore|x64.Deploy.0 = Debug|Any CPU
		{5FD2B3D2-5A86-42FB-B78A-1B9C1D5E651C}.AppStore|x86.ActiveCfg = Debug|Any CPU
		{5FD2B3D2-5A86-42FB-B78A-1B9C1D5E651C}.AppStore|x86.Build.0 = Debug|Any CPU
		{5FD2B3D2-5A86-42FB-B78A-1B9C1D5E651C}.AppStore|x86.Deploy.0 = Debug|Any CPU
		{5FD2B3D2-5A86-42FB-B78A-1B9C1D5E651C}.Debug|Any CPU.ActiveCfg = Debug|Any CPU
		{5FD2B3D2-5A86-42FB-B78A-1B9C1D5E651C}.Debug|Any CPU.Build.0 = Debug|Any CPU
		{5FD2B3D2-5A86-42FB-B78A-1B9C1D5E651C}.Debug|Any CPU.Deploy.0 = Debug|Any CPU
		{5FD2B3D2-5A86-42FB-B78A-1B9C1D5E651C}.Debug|ARM.ActiveCfg = Debug|Any CPU
		{5FD2B3D2-5A86-42FB-B78A-1B9C1D5E651C}.Debug|ARM.Build.0 = Debug|Any CPU
		{5FD2B3D2-5A86-42FB-B78A-1B9C1D5E651C}.Debug|ARM.Deploy.0 = Debug|Any CPU
		{5FD2B3D2-5A86-42FB-B78A-1B9C1D5E651C}.Debug|iPhone.ActiveCfg = Debug|Any CPU
		{5FD2B3D2-5A86-42FB-B78A-1B9C1D5E651C}.Debug|iPhone.Build.0 = Debug|Any CPU
		{5FD2B3D2-5A86-42FB-B78A-1B9C1D5E651C}.Debug|iPhone.Deploy.0 = Debug|Any CPU
		{5FD2B3D2-5A86-42FB-B78A-1B9C1D5E651C}.Debug|iPhoneSimulator.ActiveCfg = Debug|Any CPU
		{5FD2B3D2-5A86-42FB-B78A-1B9C1D5E651C}.Debug|iPhoneSimulator.Build.0 = Debug|Any CPU
		{5FD2B3D2-5A86-42FB-B78A-1B9C1D5E651C}.Debug|iPhoneSimulator.Deploy.0 = Debug|Any CPU
		{5FD2B3D2-5A86-42FB-B78A-1B9C1D5E651C}.Debug|x64.ActiveCfg = Debug|Any CPU
		{5FD2B3D2-5A86-42FB-B78A-1B9C1D5E651C}.Debug|x64.Build.0 = Debug|Any CPU
		{5FD2B3D2-5A86-42FB-B78A-1B9C1D5E651C}.Debug|x64.Deploy.0 = Debug|Any CPU
		{5FD2B3D2-5A86-42FB-B78A-1B9C1D5E651C}.Debug|x86.ActiveCfg = Debug|Any CPU
		{5FD2B3D2-5A86-42FB-B78A-1B9C1D5E651C}.Debug|x86.Build.0 = Debug|Any CPU
		{5FD2B3D2-5A86-42FB-B78A-1B9C1D5E651C}.Debug|x86.Deploy.0 = Debug|Any CPU
		{5FD2B3D2-5A86-42FB-B78A-1B9C1D5E651C}.Release|Any CPU.ActiveCfg = Release|Any CPU
		{5FD2B3D2-5A86-42FB-B78A-1B9C1D5E651C}.Release|Any CPU.Build.0 = Release|Any CPU
		{5FD2B3D2-5A86-42FB-B78A-1B9C1D5E651C}.Release|Any CPU.Deploy.0 = Release|Any CPU
		{5FD2B3D2-5A86-42FB-B78A-1B9C1D5E651C}.Release|ARM.ActiveCfg = Release|Any CPU
		{5FD2B3D2-5A86-42FB-B78A-1B9C1D5E651C}.Release|ARM.Build.0 = Release|Any CPU
		{5FD2B3D2-5A86-42FB-B78A-1B9C1D5E651C}.Release|ARM.Deploy.0 = Release|Any CPU
		{5FD2B3D2-5A86-42FB-B78A-1B9C1D5E651C}.Release|iPhone.ActiveCfg = Release|Any CPU
		{5FD2B3D2-5A86-42FB-B78A-1B9C1D5E651C}.Release|iPhone.Build.0 = Release|Any CPU
		{5FD2B3D2-5A86-42FB-B78A-1B9C1D5E651C}.Release|iPhone.Deploy.0 = Release|Any CPU
		{5FD2B3D2-5A86-42FB-B78A-1B9C1D5E651C}.Release|iPhoneSimulator.ActiveCfg = Release|Any CPU
		{5FD2B3D2-5A86-42FB-B78A-1B9C1D5E651C}.Release|iPhoneSimulator.Build.0 = Release|Any CPU
		{5FD2B3D2-5A86-42FB-B78A-1B9C1D5E651C}.Release|iPhoneSimulator.Deploy.0 = Release|Any CPU
		{5FD2B3D2-5A86-42FB-B78A-1B9C1D5E651C}.Release|x64.ActiveCfg = Release|Any CPU
		{5FD2B3D2-5A86-42FB-B78A-1B9C1D5E651C}.Release|x64.Build.0 = Release|Any CPU
		{5FD2B3D2-5A86-42FB-B78A-1B9C1D5E651C}.Release|x64.Deploy.0 = Release|Any CPU
		{5FD2B3D2-5A86-42FB-B78A-1B9C1D5E651C}.Release|x86.ActiveCfg = Release|Any CPU
		{5FD2B3D2-5A86-42FB-B78A-1B9C1D5E651C}.Release|x86.Build.0 = Release|Any CPU
		{5FD2B3D2-5A86-42FB-B78A-1B9C1D5E651C}.Release|x86.Deploy.0 = Release|Any CPU
	EndGlobalSection
	GlobalSection(SolutionProperties) = preSolution
		HideSolutionNode = FALSE
	EndGlobalSection
	GlobalSection(ExtensibilityGlobals) = postSolution
		SolutionGuid = {D6C626A3-2949-4749-88DA-EB071583612E}
	EndGlobalSection
EndGlobal
